
Microsoft Visual Studio Solution File, Format Version 12.00
# Visual Studio Version 17
VisualStudioVersion = 17.13.35806.99
MinimumVisualStudioVersion = 10.0.40219.1
Project("{FAE04EC0-301F-11D3-BF4B-00C04F79EFBC}") = "Plugin.acn_GameApp", "Plugin.acn_GameApp\Plugin.acn_GameApp.csproj", "{02F65588-D870-4552-BCCC-B691A134017E}"
EndProject
Project("{FAE04EC0-301F-11D3-BF4B-00C04F79EFBC}") = "PluginTestConsole", "PluginTestConsole\PluginTestConsole.csproj", "{F6E503AC-B9ED-4F9C-8DA6-0E37BAB71339}"
EndProject
Project("{FAE04EC0-301F-11D3-BF4B-00C04F79EFBC}") = "CustomAppScame_WebResource", "CustomAppScame_WebResource\CustomAppScame_WebResource.csproj", "{87B73995-D376-4B11-9F57-8C74C5AEBC72}"
EndProject
Project("{FAE04EC0-301F-11D3-BF4B-00C04F79EFBC}") = "CDKeyScameMVCApp", "CDKeyScameMVCApp\CDKeyScameMVCApp.csproj", "{7A56128F-C620-4D57-AFD2-F8E4BE3EF7E7}"
EndProject
Project("{FAE04EC0-301F-11D3-BF4B-00C04F79EFBC}") = "Core", "Core\Core.csproj", "{D5DED794-E043-4B7F-9852-D471D9404A5B}"
EndProject
Global
	GlobalSection(SolutionConfigurationPlatforms) = preSolution
		Debug|Any CPU = Debug|Any CPU
		Debug|x64 = Debug|x64
		Release|Any CPU = Release|Any CPU
		Release|x64 = Release|x64
	EndGlobalSection
	GlobalSection(ProjectConfigurationPlatforms) = postSolution
		{02F65588-D870-4552-BCCC-B691A134017E}.Debug|Any CPU.ActiveCfg = Debug|Any CPU
		{02F65588-D870-4552-BCCC-B691A134017E}.Debug|x64.ActiveCfg = Debug|Any CPU
		{02F65588-D870-4552-BCCC-B691A134017E}.Debug|x64.Build.0 = Debug|Any CPU
		{02F65588-D870-4552-BCCC-B691A134017E}.Release|Any CPU.ActiveCfg = Release|Any CPU
		{02F65588-D870-4552-BCCC-B691A134017E}.Release|Any CPU.Build.0 = Release|Any CPU
		{02F65588-D870-4552-BCCC-B691A134017E}.Release|x64.ActiveCfg = Release|x64
		{F6E503AC-B9ED-4F9C-8DA6-0E37BAB71339}.Debug|Any CPU.ActiveCfg = Debug|Any CPU
		{F6E503AC-B9ED-4F9C-8DA6-0E37BAB71339}.Debug|Any CPU.Build.0 = Debug|Any CPU
		{F6E503AC-B9ED-4F9C-8DA6-0E37BAB71339}.Debug|x64.ActiveCfg = Debug|x64
		{F6E503AC-B9ED-4F9C-8DA6-0E37BAB71339}.Debug|x64.Build.0 = Debug|x64
		{F6E503AC-B9ED-4F9C-8DA6-0E37BAB71339}.Release|Any CPU.ActiveCfg = Release|Any CPU
		{F6E503AC-B9ED-4F9C-8DA6-0E37BAB71339}.Release|Any CPU.Build.0 = Release|Any CPU
		{F6E503AC-B9ED-4F9C-8DA6-0E37BAB71339}.Release|x64.ActiveCfg = Release|x64
		{F6E503AC-B9ED-4F9C-8DA6-0E37BAB71339}.Release|x64.Build.0 = Release|x64
		{87B73995-D376-4B11-9F57-8C74C5AEBC72}.Debug|Any CPU.ActiveCfg = Debug|Any CPU
		{87B73995-D376-4B11-9F57-8C74C5AEBC72}.Debug|x64.ActiveCfg = Debug|x64
		{87B73995-D376-4B11-9F57-8C74C5AEBC72}.Debug|x64.Build.0 = Debug|x64
		{87B73995-D376-4B11-9F57-8C74C5AEBC72}.Release|Any CPU.ActiveCfg = Release|Any CPU
		{87B73995-D376-4B11-9F57-8C74C5AEBC72}.Release|Any CPU.Build.0 = Release|Any CPU
		{87B73995-D376-4B11-9F57-8C74C5AEBC72}.Release|x64.ActiveCfg = Release|x64
		{7A56128F-C620-4D57-AFD2-F8E4BE3EF7E7}.Debug|Any CPU.ActiveCfg = Debug|Any CPU
		{7A56128F-C620-4D57-AFD2-F8E4BE3EF7E7}.Debug|Any CPU.Build.0 = Debug|Any CPU
		{7A56128F-C620-4D57-AFD2-F8E4BE3EF7E7}.Debug|x64.ActiveCfg = Debug|Any CPU
		{7A56128F-C620-4D57-AFD2-F8E4BE3EF7E7}.Debug|x64.Build.0 = Debug|Any CPU
		{7A56128F-C620-4D57-AFD2-F8E4BE3EF7E7}.Release|Any CPU.ActiveCfg = Release|Any CPU
		{7A56128F-C620-4D57-AFD2-F8E4BE3EF7E7}.Release|Any CPU.Build.0 = Release|Any CPU
		{7A56128F-C620-4D57-AFD2-F8E4BE3EF7E7}.Release|x64.ActiveCfg = Release|Any CPU
		{7A56128F-C620-4D57-AFD2-F8E4BE3EF7E7}.Release|x64.Build.0 = Release|Any CPU
		{D5DED794-E043-4B7F-9852-D471D9404A5B}.Debug|Any CPU.ActiveCfg = Debug|Any CPU
		{D5DED794-E043-4B7F-9852-D471D9404A5B}.Debug|Any CPU.Build.0 = Debug|Any CPU
		{D5DED794-E043-4B7F-9852-D471D9404A5B}.Debug|x64.ActiveCfg = Debug|Any CPU
		{D5DED794-E043-4B7F-9852-D471D9404A5B}.Debug|x64.Build.0 = Debug|Any CPU
		{D5DED794-E043-4B7F-9852-D471D9404A5B}.Release|Any CPU.ActiveCfg = Release|Any CPU
		{D5DED794-E043-4B7F-9852-D471D9404A5B}.Release|Any CPU.Build.0 = Release|Any CPU
		{D5DED794-E043-4B7F-9852-D471D9404A5B}.Release|x64.ActiveCfg = Release|Any CPU
		{D5DED794-E043-4B7F-9852-D471D9404A5B}.Release|x64.Build.0 = Release|Any CPU
	EndGlobalSection
	GlobalSection(SolutionProperties) = preSolution
		HideSolutionNode = FALSE
	EndGlobalSection
	GlobalSection(ExtensibilityGlobals) = postSolution
		SolutionGuid = {F60CB025-1F9A-4507-9F40-3B9A0FF0A694}
	EndGlobalSection
EndGlobal
